
Microsoft Visual Studio Solution File, Format Version 12.00
# Visual Studio Version 16
VisualStudioVersion = 16.0.30717.126
MinimumVisualStudioVersion = 10.0.40219.1
Project("{FAE04EC0-301F-11D3-BF4B-00C04F79EFBC}") = "ValidarEntidad", "ValidarEntidad.csproj", "{2EDC4AE8-441A-4098-AA53-8DE089B21E25}"
EndProject
Project("{FAE04EC0-301F-11D3-BF4B-00C04F79EFBC}") = "TestCases", "TestCases\TestCases.csproj", "{6C2F0C22-358D-4BC2-AA36-6B782C9B2FCD}"
EndProject
Global
	GlobalSection(SolutionConfigurationPlatforms) = preSolution
		Debug|Any CPU = Debug|Any CPU
		Release|Any CPU = Release|Any CPU
	EndGlobalSection
	GlobalSection(ProjectConfigurationPlatforms) = postSolution
		{2EDC4AE8-441A-4098-AA53-8DE089B21E25}.Debug|Any CPU.ActiveCfg = Debug|Any CPU
		{2EDC4AE8-441A-4098-AA53-8DE089B21E25}.Debug|Any CPU.Build.0 = Debug|Any CPU
		{2EDC4AE8-441A-4098-AA53-8DE089B21E25}.Release|Any CPU.ActiveCfg = Release|Any CPU
		{2EDC4AE8-441A-4098-AA53-8DE089B21E25}.Release|Any CPU.Build.0 = Release|Any CPU
		{6C2F0C22-358D-4BC2-AA36-6B782C9B2FCD}.Debug|Any CPU.ActiveCfg = Debug|Any CPU
		{6C2F0C22-358D-4BC2-AA36-6B782C9B2FCD}.Debug|Any CPU.Build.0 = Debug|Any CPU
		{6C2F0C22-358D-4BC2-AA36-6B782C9B2FCD}.Release|Any CPU.ActiveCfg = Release|Any CPU
		{6C2F0C22-358D-4BC2-AA36-6B782C9B2FCD}.Release|Any CPU.Build.0 = Release|Any CPU
	EndGlobalSection
	GlobalSection(SolutionProperties) = preSolution
		HideSolutionNode = FALSE
	EndGlobalSection
	GlobalSection(ExtensibilityGlobals) = postSolution
		SolutionGuid = {C4C507E9-EC8A-4ADB-A893-6123CEE2ED5F}
	EndGlobalSection
EndGlobal
